// !$*UTF8*$!
{
	archiveVersion = 1;
	classes = {
	};
	objectVersion = 46;
	objects = {

/* Begin PBXBuildFile section */
		5C46B71A1A38AA5900BA9F55 /* Archiving.swift in Sources */ = {isa = PBXBuildFile; fileRef = 5C7186911A350A5C0090098A /* Archiving.swift */; };
		5C46B71B1A38AA5D00BA9F55 /* Manager.swift in Sources */ = {isa = PBXBuildFile; fileRef = 5C46B7171A380D1C00BA9F55 /* Manager.swift */; };
		5C46B71C1A38AA6000BA9F55 /* Site.swift in Sources */ = {isa = PBXBuildFile; fileRef = 5C46B7141A37F05300BA9F55 /* Site.swift */; };
		5C46B71D1A38AA6300BA9F55 /* Page.swift in Sources */ = {isa = PBXBuildFile; fileRef = 5C71868E1A34FD8A0090098A /* Page.swift */; };
		5C8555841997E53300C0D18B /* Images.xcassets in Resources */ = {isa = PBXBuildFile; fileRef = 5C8555831997E53300C0D18B /* Images.xcassets */; };
		5C966C8619AA71410008A4CF /* main.swift in Sources */ = {isa = PBXBuildFile; fileRef = 5C966C8519AA71410008A4CF /* main.swift */; };
		5C9E9BDD1997AC92005332DA /* MainMenu.xib in Resources */ = {isa = PBXBuildFile; fileRef = 5C9E9BDA1997AC87005332DA /* MainMenu.xib */; };
		5CDD11A81997A6F70090D2F2 /* AppDelegate.m in Sources */ = {isa = PBXBuildFile; fileRef = 5CDD11A71997A6F70090D2F2 /* AppDelegate.m */; };
		5CF2BAAA1997A56100DF1A3E /* main.m in Sources */ = {isa = PBXBuildFile; fileRef = 5CF2BAA91997A56100DF1A3E /* main.m */; };
		5CF5F77B1A4501EA009D4A68 /* HTML.swift in Sources */ = {isa = PBXBuildFile; fileRef = 5CF5F77A1A4501EA009D4A68 /* HTML.swift */; };
		5CF5F77C1A4501EA009D4A68 /* HTML.swift in Sources */ = {isa = PBXBuildFile; fileRef = 5CF5F77A1A4501EA009D4A68 /* HTML.swift */; };
/* End PBXBuildFile section */

/* Begin PBXCopyFilesBuildPhase section */
		5C966C7219AA5E530008A4CF /* CopyFiles */ = {
			isa = PBXCopyFilesBuildPhase;
			buildActionMask = 2147483647;
			dstPath = /usr/share/man/man1/;
			dstSubfolderSpec = 0;
			files = (
			);
			runOnlyForDeploymentPostprocessing = 1;
		};
/* End PBXCopyFilesBuildPhase section */

/* Begin PBXFileReference section */
		5C46B7141A37F05300BA9F55 /* Site.swift */ = {isa = PBXFileReference; fileEncoding = 4; lastKnownFileType = sourcecode.swift; path = Site.swift; sourceTree = "<group>"; };
		5C46B7171A380D1C00BA9F55 /* Manager.swift */ = {isa = PBXFileReference; fileEncoding = 4; lastKnownFileType = sourcecode.swift; path = Manager.swift; sourceTree = "<group>"; };
		5C68659E1997B55B00F81421 /* README.md */ = {isa = PBXFileReference; lastKnownFileType = net.daringfireball.markdown; path = README.md; sourceTree = "<group>"; };
		5C71868E1A34FD8A0090098A /* Page.swift */ = {isa = PBXFileReference; fileEncoding = 4; lastKnownFileType = sourcecode.swift; path = Page.swift; sourceTree = "<group>"; };
		5C7186911A350A5C0090098A /* Archiving.swift */ = {isa = PBXFileReference; fileEncoding = 4; lastKnownFileType = sourcecode.swift; path = Archiving.swift; sourceTree = "<group>"; };
		5C8555831997E53300C0D18B /* Images.xcassets */ = {isa = PBXFileReference; lastKnownFileType = folder.assetcatalog; name = Images.xcassets; path = GUI/Images.xcassets; sourceTree = SOURCE_ROOT; };
		5C966C7419AA5E530008A4CF /* puptent */ = {isa = PBXFileReference; explicitFileType = "compiled.mach-o.executable"; includeInIndex = 0; path = puptent; sourceTree = BUILT_PRODUCTS_DIR; };
		5C966C8519AA71410008A4CF /* main.swift */ = {isa = PBXFileReference; fileEncoding = 4; lastKnownFileType = sourcecode.swift; name = main.swift; path = CLI/main.swift; sourceTree = SOURCE_ROOT; };
		5C9E9BDB1997AC87005332DA /* Base */ = {isa = PBXFileReference; lastKnownFileType = file.xib; name = Base; path = GUI/Base.lproj/MainMenu.xib; sourceTree = SOURCE_ROOT; };
		5CDD11A61997A6F70090D2F2 /* AppDelegate.h */ = {isa = PBXFileReference; fileEncoding = 4; lastKnownFileType = sourcecode.c.h; name = AppDelegate.h; path = GUI/AppDelegate.h; sourceTree = SOURCE_ROOT; };
		5CDD11A71997A6F70090D2F2 /* AppDelegate.m */ = {isa = PBXFileReference; fileEncoding = 4; lastKnownFileType = sourcecode.c.objc; name = AppDelegate.m; path = GUI/AppDelegate.m; sourceTree = SOURCE_ROOT; };
		5CF2BA841997A33600DF1A3E /* Pup Tent.app */ = {isa = PBXFileReference; explicitFileType = wrapper.application; includeInIndex = 0; path = "Pup Tent.app"; sourceTree = BUILT_PRODUCTS_DIR; };
		5CF2BAA91997A56100DF1A3E /* main.m */ = {isa = PBXFileReference; fileEncoding = 4; lastKnownFileType = sourcecode.c.objc; name = main.m; path = GUI/main.m; sourceTree = SOURCE_ROOT; };
		5CF2BAAB1997A56A00DF1A3E /* Info.plist */ = {isa = PBXFileReference; fileEncoding = 4; lastKnownFileType = text.plist.xml; name = Info.plist; path = GUI/Info.plist; sourceTree = SOURCE_ROOT; };
		5CF5F77A1A4501EA009D4A68 /* HTML.swift */ = {isa = PBXFileReference; fileEncoding = 4; lastKnownFileType = sourcecode.swift; path = HTML.swift; sourceTree = "<group>"; };
/* End PBXFileReference section */

/* Begin PBXFrameworksBuildPhase section */
		5C966C7119AA5E530008A4CF /* Frameworks */ = {
			isa = PBXFrameworksBuildPhase;
			buildActionMask = 2147483647;
			files = (
			);
			runOnlyForDeploymentPostprocessing = 0;
		};
		5CF2BA811997A33500DF1A3E /* Frameworks */ = {
			isa = PBXFrameworksBuildPhase;
			buildActionMask = 2147483647;
			files = (
			);
			runOnlyForDeploymentPostprocessing = 0;
		};
/* End PBXFrameworksBuildPhase section */

/* Begin PBXGroup section */
		5C6865961997B16E00F81421 /* CLI */ = {
			isa = PBXGroup;
			children = (
				5C966C8519AA71410008A4CF /* main.swift */,
			);
			name = CLI;
			path = puptent;
			sourceTree = "<group>";
		};
		5CF2BA7B1997A33500DF1A3E = {
			isa = PBXGroup;
			children = (
				5CF2BAA71997A35F00DF1A3E /* Foundation */,
				5CF2BA861997A33600DF1A3E /* GUI */,
				5C6865961997B16E00F81421 /* CLI */,
				5CF2BA851997A33600DF1A3E /* Products */,
				5C68659E1997B55B00F81421 /* README.md */,
			);
			sourceTree = "<group>";
		};
		5CF2BA851997A33600DF1A3E /* Products */ = {
			isa = PBXGroup;
			children = (
				5CF2BA841997A33600DF1A3E /* Pup Tent.app */,
				5C966C7419AA5E530008A4CF /* puptent */,
			);
			name = Products;
			sourceTree = "<group>";
		};
		5CF2BA861997A33600DF1A3E /* GUI */ = {
			isa = PBXGroup;
			children = (
				5CDD11A61997A6F70090D2F2 /* AppDelegate.h */,
				5CDD11A71997A6F70090D2F2 /* AppDelegate.m */,
				5C9E9BDA1997AC87005332DA /* MainMenu.xib */,
				5C8555831997E53300C0D18B /* Images.xcassets */,
				5CF2BA871997A33600DF1A3E /* Supporting Files */,
			);
			name = GUI;
			path = PupTent;
			sourceTree = "<group>";
		};
		5CF2BA871997A33600DF1A3E /* Supporting Files */ = {
			isa = PBXGroup;
			children = (
				5CF2BAAB1997A56A00DF1A3E /* Info.plist */,
				5CF2BAA91997A56100DF1A3E /* main.m */,
			);
			name = "Supporting Files";
			sourceTree = "<group>";
		};
		5CF2BAA71997A35F00DF1A3E /* Foundation */ = {
			isa = PBXGroup;
			children = (
				5C7186911A350A5C0090098A /* Archiving.swift */,
				5CF5F77A1A4501EA009D4A68 /* HTML.swift */,
				5C46B7171A380D1C00BA9F55 /* Manager.swift */,
				5C46B7141A37F05300BA9F55 /* Site.swift */,
				5C71868E1A34FD8A0090098A /* Page.swift */,
			);
			name = Foundation;
			sourceTree = "<group>";
		};
/* End PBXGroup section */

/* Begin PBXNativeTarget section */
		5C966C7319AA5E530008A4CF /* CLI */ = {
			isa = PBXNativeTarget;
			buildConfigurationList = 5C966C7A19AA5E530008A4CF /* Build configuration list for PBXNativeTarget "CLI" */;
			buildPhases = (
				5C966C7019AA5E530008A4CF /* Sources */,
				5C966C7119AA5E530008A4CF /* Frameworks */,
				5C966C7219AA5E530008A4CF /* CopyFiles */,
			);
			buildRules = (
			);
			dependencies = (
			);
			name = CLI;
			productName = puptent;
			productReference = 5C966C7419AA5E530008A4CF /* puptent */;
			productType = "com.apple.product-type.tool";
		};
		5CF2BA831997A33500DF1A3E /* GUI */ = {
			isa = PBXNativeTarget;
			buildConfigurationList = 5CF2BAA11997A33600DF1A3E /* Build configuration list for PBXNativeTarget "GUI" */;
			buildPhases = (
				5CF2BA801997A33500DF1A3E /* Sources */,
				5CF2BA811997A33500DF1A3E /* Frameworks */,
				5CF2BA821997A33500DF1A3E /* Resources */,
			);
			buildRules = (
			);
			dependencies = (
			);
			name = GUI;
			productName = PupTent;
			productReference = 5CF2BA841997A33600DF1A3E /* Pup Tent.app */;
			productType = "com.apple.product-type.application";
		};
/* End PBXNativeTarget section */

/* Begin PBXProject section */
		5CF2BA7C1997A33500DF1A3E /* Project object */ = {
			isa = PBXProject;
			attributes = {
				LastUpgradeCheck = 0600;
				ORGANIZATIONNAME = "@toddheasley";
				TargetAttributes = {
					5C966C7319AA5E530008A4CF = {
						CreatedOnToolsVersion = 6.0;
					};
					5CF2BA831997A33500DF1A3E = {
						CreatedOnToolsVersion = 6.0;
					};
				};
			};
			buildConfigurationList = 5CF2BA7F1997A33500DF1A3E /* Build configuration list for PBXProject "PupTent" */;
			compatibilityVersion = "Xcode 3.2";
			developmentRegion = English;
			hasScannedForEncodings = 0;
			knownRegions = (
				en,
				Base,
			);
			mainGroup = 5CF2BA7B1997A33500DF1A3E;
			productRefGroup = 5CF2BA851997A33600DF1A3E /* Products */;
			projectDirPath = "";
			projectRoot = "";
			targets = (
				5CF2BA831997A33500DF1A3E /* GUI */,
				5C966C7319AA5E530008A4CF /* CLI */,
			);
		};
/* End PBXProject section */

/* Begin PBXResourcesBuildPhase section */
		5CF2BA821997A33500DF1A3E /* Resources */ = {
			isa = PBXResourcesBuildPhase;
			buildActionMask = 2147483647;
			files = (
				5C9E9BDD1997AC92005332DA /* MainMenu.xib in Resources */,
				5C8555841997E53300C0D18B /* Images.xcassets in Resources */,
			);
			runOnlyForDeploymentPostprocessing = 0;
		};
/* End PBXResourcesBuildPhase section */

/* Begin PBXSourcesBuildPhase section */
		5C966C7019AA5E530008A4CF /* Sources */ = {
			isa = PBXSourcesBuildPhase;
			buildActionMask = 2147483647;
			files = (
				5CF5F77C1A4501EA009D4A68 /* HTML.swift in Sources */,
				5C46B71A1A38AA5900BA9F55 /* Archiving.swift in Sources */,
				5C966C8619AA71410008A4CF /* main.swift in Sources */,
				5C46B71B1A38AA5D00BA9F55 /* Manager.swift in Sources */,
				5C46B71D1A38AA6300BA9F55 /* Page.swift in Sources */,
				5C46B71C1A38AA6000BA9F55 /* Site.swift in Sources */,
			);
			runOnlyForDeploymentPostprocessing = 0;
		};
		5CF2BA801997A33500DF1A3E /* Sources */ = {
			isa = PBXSourcesBuildPhase;
			buildActionMask = 2147483647;
			files = (
				5CF5F77B1A4501EA009D4A68 /* HTML.swift in Sources */,
				5CF2BAAA1997A56100DF1A3E /* main.m in Sources */,
				5CDD11A81997A6F70090D2F2 /* AppDelegate.m in Sources */,
			);
			runOnlyForDeploymentPostprocessing = 0;
		};
/* End PBXSourcesBuildPhase section */

/* Begin PBXVariantGroup section */
		5C9E9BDA1997AC87005332DA /* MainMenu.xib */ = {
			isa = PBXVariantGroup;
			children = (
				5C9E9BDB1997AC87005332DA /* Base */,
			);
			name = MainMenu.xib;
			sourceTree = "<group>";
		};
/* End PBXVariantGroup section */

/* Begin XCBuildConfiguration section */
		5C966C7819AA5E530008A4CF /* Debug */ = {
			isa = XCBuildConfiguration;
			buildSettings = {
				CLANG_ENABLE_MODULES = YES;
				GCC_PREPROCESSOR_DEFINITIONS = "$(inherited)";
				LD_RUNPATH_SEARCH_PATHS = "$(inherited) @executable_path/../Frameworks @loader_path/../Frameworks";
				PRODUCT_NAME = puptent;
				SWIFT_OBJC_BRIDGING_HEADER = Foundation/Foundation.h;
				SWIFT_OPTIMIZATION_LEVEL = "-Onone";
			};
			name = Debug;
		};
		5C966C7919AA5E530008A4CF /* Release */ = {
			isa = XCBuildConfiguration;
			buildSettings = {
				CLANG_ENABLE_MODULES = YES;
				LD_RUNPATH_SEARCH_PATHS = "$(inherited) @executable_path/../Frameworks @loader_path/../Frameworks";
				PRODUCT_NAME = puptent;
				SWIFT_OBJC_BRIDGING_HEADER = Foundation/Foundation.h;
			};
			name = Release;
		};
		5CF2BA9F1997A33600DF1A3E /* Debug */ = {
			isa = XCBuildConfiguration;
			buildSettings = {
				ALWAYS_SEARCH_USER_PATHS = NO;
				CLANG_CXX_LANGUAGE_STANDARD = "gnu++0x";
				CLANG_CXX_LIBRARY = "libc++";
				CLANG_ENABLE_MODULES = YES;
				CLANG_ENABLE_OBJC_ARC = YES;
				CLANG_WARN_BOOL_CONVERSION = YES;
				CLANG_WARN_CONSTANT_CONVERSION = YES;
				CLANG_WARN_DIRECT_OBJC_ISA_USAGE = YES_ERROR;
				CLANG_WARN_EMPTY_BODY = YES;
				CLANG_WARN_ENUM_CONVERSION = YES;
				CLANG_WARN_INT_CONVERSION = YES;
				CLANG_WARN_OBJC_ROOT_CLASS = YES_ERROR;
				CLANG_WARN_UNREACHABLE_CODE = YES;
				CLANG_WARN__DUPLICATE_METHOD_MATCH = YES;
				CODE_SIGN_IDENTITY = "-";
				COPY_PHASE_STRIP = NO;
				ENABLE_STRICT_OBJC_MSGSEND = YES;
				GCC_C_LANGUAGE_STANDARD = gnu99;
				GCC_DYNAMIC_NO_PIC = NO;
				GCC_OPTIMIZATION_LEVEL = 0;
				GCC_PREPROCESSOR_DEFINITIONS = (
					"DEBUG=1",
					"$(inherited)",
				);
				GCC_SYMBOLS_PRIVATE_EXTERN = NO;
				GCC_WARN_64_TO_32_BIT_CONVERSION = YES;
				GCC_WARN_ABOUT_RETURN_TYPE = YES_ERROR;
				GCC_WARN_UNDECLARED_SELECTOR = YES;
				GCC_WARN_UNINITIALIZED_AUTOS = YES_AGGRESSIVE;
				GCC_WARN_UNUSED_FUNCTION = YES;
				GCC_WARN_UNUSED_VARIABLE = YES;
				MACOSX_DEPLOYMENT_TARGET = 10.10;
				MTL_ENABLE_DEBUG_INFO = YES;
				ONLY_ACTIVE_ARCH = YES;
				SDKROOT = macosx;
			};
			name = Debug;
		};
		5CF2BAA01997A33600DF1A3E /* Release */ = {
			isa = XCBuildConfiguration;
			buildSettings = {
				ALWAYS_SEARCH_USER_PATHS = NO;
				CLANG_CXX_LANGUAGE_STANDARD = "gnu++0x";
				CLANG_CXX_LIBRARY = "libc++";
				CLANG_ENABLE_MODULES = YES;
				CLANG_ENABLE_OBJC_ARC = YES;
				CLANG_WARN_BOOL_CONVERSION = YES;
				CLANG_WARN_CONSTANT_CONVERSION = YES;
				CLANG_WARN_DIRECT_OBJC_ISA_USAGE = YES_ERROR;
				CLANG_WARN_EMPTY_BODY = YES;
				CLANG_WARN_ENUM_CONVERSION = YES;
				CLANG_WARN_INT_CONVERSION = YES;
				CLANG_WARN_OBJC_ROOT_CLASS = YES_ERROR;
				CLANG_WARN_UNREACHABLE_CODE = YES;
				CLANG_WARN__DUPLICATE_METHOD_MATCH = YES;
				CODE_SIGN_IDENTITY = "-";
				COPY_PHASE_STRIP = YES;
				DEBUG_INFORMATION_FORMAT = "dwarf-with-dsym";
				ENABLE_NS_ASSERTIONS = NO;
				ENABLE_STRICT_OBJC_MSGSEND = YES;
				GCC_C_LANGUAGE_STANDARD = gnu99;
				GCC_WARN_64_TO_32_BIT_CONVERSION = YES;
				GCC_WARN_ABOUT_RETURN_TYPE = YES_ERROR;
				GCC_WARN_UNDECLARED_SELECTOR = YES;
				GCC_WARN_UNINITIALIZED_AUTOS = YES_AGGRESSIVE;
				GCC_WARN_UNUSED_FUNCTION = YES;
				GCC_WARN_UNUSED_VARIABLE = YES;
				MACOSX_DEPLOYMENT_TARGET = 10.10;
				MTL_ENABLE_DEBUG_INFO = NO;
				SDKROOT = macosx;
			};
			name = Release;
		};
		5CF2BAA21997A33600DF1A3E /* Debug */ = {
			isa = XCBuildConfiguration;
			buildSettings = {
				ASSETCATALOG_COMPILER_APPICON_NAME = AppIcon;
				CLANG_ENABLE_MODULES = YES;
				COMBINE_HIDPI_IMAGES = YES;
				INFOPLIST_FILE = GUI/Info.plist;
				LD_RUNPATH_SEARCH_PATHS = "$(inherited) @executable_path/../Frameworks";
				PRODUCT_NAME = "Pup Tent";
				SWIFT_OBJC_BRIDGING_HEADER = "GUI-Bridging-Header.h";
				SWIFT_OPTIMIZATION_LEVEL = "-Onone";
			};
			name = Debug;
		};
		5CF2BAA31997A33600DF1A3E /* Release */ = {
			isa = XCBuildConfiguration;
			buildSettings = {
				ASSETCATALOG_COMPILER_APPICON_NAME = AppIcon;
				CLANG_ENABLE_MODULES = YES;
				COMBINE_HIDPI_IMAGES = YES;
				INFOPLIST_FILE = GUI/Info.plist;
				LD_RUNPATH_SEARCH_PATHS = "$(inherited) @executable_path/../Frameworks";
				PRODUCT_NAME = "Pup Tent";
				SWIFT_OBJC_BRIDGING_HEADER = "GUI-Bridging-Header.h";
			};
			name = Release;
		};
/* End XCBuildConfiguration section */

/* Begin XCConfigurationList section */
		5C966C7A19AA5E530008A4CF /* Build configuration list for PBXNativeTarget "CLI" */ = {
			isa = XCConfigurationList;
			buildConfigurations = (
				5C966C7819AA5E530008A4CF /* Debug */,
				5C966C7919AA5E530008A4CF /* Release */,
			);
			defaultConfigurationIsVisible = 0;
			defaultConfigurationName = Release;
		};
		5CF2BA7F1997A33500DF1A3E /* Build configuration list for PBXProject "PupTent" */ = {
			isa = XCConfigurationList;
			buildConfigurations = (
				5CF2BA9F1997A33600DF1A3E /* Debug */,
				5CF2BAA01997A33600DF1A3E /* Release */,
			);
			defaultConfigurationIsVisible = 0;
			defaultConfigurationName = Release;
		};
		5CF2BAA11997A33600DF1A3E /* Build configuration list for PBXNativeTarget "GUI" */ = {
			isa = XCConfigurationList;
			buildConfigurations = (
				5CF2BAA21997A33600DF1A3E /* Debug */,
				5CF2BAA31997A33600DF1A3E /* Release */,
			);
			defaultConfigurationIsVisible = 0;
			defaultConfigurationName = Release;
		};
/* End XCConfigurationList section */
	};
	rootObject = 5CF2BA7C1997A33500DF1A3E /* Project object */;
}
