// !$*UTF8*$!
{
	archiveVersion = 1;
	classes = {
	};
	objectVersion = 46;
	objects = {

/* Begin PBXBuildFile section */
		5C68659D1997B4F100F81421 /* main.m in Sources */ = {isa = PBXBuildFile; fileRef = 5C68659C1997B4F100F81421 /* main.m */; };
		5C85556A1997C21000C0D18B /* Manager.m in Sources */ = {isa = PBXBuildFile; fileRef = 5C8555651997BF1D00C0D18B /* Manager.m */; };
		5C85556B1997C21100C0D18B /* Manager.m in Sources */ = {isa = PBXBuildFile; fileRef = 5C8555651997BF1D00C0D18B /* Manager.m */; };
		5C85556C1997C62600C0D18B /* Page.m in Sources */ = {isa = PBXBuildFile; fileRef = 5C8555631997BE6500C0D18B /* Page.m */; };
		5C85556D1997C63B00C0D18B /* HTML.m in Sources */ = {isa = PBXBuildFile; fileRef = 5C8555671997BFAB00C0D18B /* HTML.m */; };
		5C85556E1997C63C00C0D18B /* HTML.m in Sources */ = {isa = PBXBuildFile; fileRef = 5C8555671997BFAB00C0D18B /* HTML.m */; };
		5C8555741997C65200C0D18B /* Site.m in Sources */ = {isa = PBXBuildFile; fileRef = 5C85555F1997BDAA00C0D18B /* Site.m */; };
		5C8555751997C65300C0D18B /* Site.m in Sources */ = {isa = PBXBuildFile; fileRef = 5C85555F1997BDAA00C0D18B /* Site.m */; };
		5C8555771997C65600C0D18B /* Page.m in Sources */ = {isa = PBXBuildFile; fileRef = 5C8555631997BE6500C0D18B /* Page.m */; };
		5C8555841997E53300C0D18B /* Images.xcassets in Resources */ = {isa = PBXBuildFile; fileRef = 5C8555831997E53300C0D18B /* Images.xcassets */; };
		5C966C7B19AA5FEF0008A4CF /* Manager.m in Sources */ = {isa = PBXBuildFile; fileRef = 5C8555651997BF1D00C0D18B /* Manager.m */; };
		5C966C7C19AA5FF30008A4CF /* HTML.m in Sources */ = {isa = PBXBuildFile; fileRef = 5C8555671997BFAB00C0D18B /* HTML.m */; };
		5C966C7D19AA5FF80008A4CF /* Site.m in Sources */ = {isa = PBXBuildFile; fileRef = 5C85555F1997BDAA00C0D18B /* Site.m */; };
		5C966C7E19AA5FFC0008A4CF /* Page.m in Sources */ = {isa = PBXBuildFile; fileRef = 5C8555631997BE6500C0D18B /* Page.m */; };
		5C966C7F19AA60000008A4CF /* NSString+HTML.m in Sources */ = {isa = PBXBuildFile; fileRef = 5C96868819A25ECD00C9F9CF /* NSString+HTML.m */; };
		5C966C8619AA71410008A4CF /* main.swift in Sources */ = {isa = PBXBuildFile; fileRef = 5C966C8519AA71410008A4CF /* main.swift */; };
		5C96868919A25ECD00C9F9CF /* NSString+HTML.m in Sources */ = {isa = PBXBuildFile; fileRef = 5C96868819A25ECD00C9F9CF /* NSString+HTML.m */; };
		5C96868A19A25ECD00C9F9CF /* NSString+HTML.m in Sources */ = {isa = PBXBuildFile; fileRef = 5C96868819A25ECD00C9F9CF /* NSString+HTML.m */; };
		5C9E9BDD1997AC92005332DA /* MainMenu.xib in Resources */ = {isa = PBXBuildFile; fileRef = 5C9E9BDA1997AC87005332DA /* MainMenu.xib */; };
		5CDD11A81997A6F70090D2F2 /* AppDelegate.m in Sources */ = {isa = PBXBuildFile; fileRef = 5CDD11A71997A6F70090D2F2 /* AppDelegate.m */; };
		5CF2BAAA1997A56100DF1A3E /* main.m in Sources */ = {isa = PBXBuildFile; fileRef = 5CF2BAA91997A56100DF1A3E /* main.m */; };
/* End PBXBuildFile section */

/* Begin PBXCopyFilesBuildPhase section */
		5C6865931997B16E00F81421 /* CopyFiles */ = {
			isa = PBXCopyFilesBuildPhase;
			buildActionMask = 2147483647;
			dstPath = /usr/share/man/man1/;
			dstSubfolderSpec = 0;
			files = (
			);
			runOnlyForDeploymentPostprocessing = 1;
		};
		5C966C7219AA5E530008A4CF /* CopyFiles */ = {
			isa = PBXCopyFilesBuildPhase;
			buildActionMask = 2147483647;
			dstPath = /usr/share/man/man1/;
			dstSubfolderSpec = 0;
			files = (
			);
			runOnlyForDeploymentPostprocessing = 1;
		};
/* End PBXCopyFilesBuildPhase section */

/* Begin PBXFileReference section */
		5C6865951997B16E00F81421 /* puptent */ = {isa = PBXFileReference; explicitFileType = "compiled.mach-o.executable"; includeInIndex = 0; path = puptent; sourceTree = BUILT_PRODUCTS_DIR; };
		5C68659C1997B4F100F81421 /* main.m */ = {isa = PBXFileReference; fileEncoding = 4; lastKnownFileType = sourcecode.c.objc; name = main.m; path = CLI/main.m; sourceTree = SOURCE_ROOT; };
		5C68659E1997B55B00F81421 /* README.md */ = {isa = PBXFileReference; lastKnownFileType = net.daringfireball.markdown; path = README.md; sourceTree = "<group>"; };
		5C85555D1997BD3500C0D18B /* Archiving.h */ = {isa = PBXFileReference; lastKnownFileType = sourcecode.c.h; name = Archiving.h; path = Foundation/Archiving.h; sourceTree = "<group>"; };
		5C85555E1997BDAA00C0D18B /* Site.h */ = {isa = PBXFileReference; lastKnownFileType = sourcecode.c.h; name = Site.h; path = Foundation/Site.h; sourceTree = "<group>"; };
		5C85555F1997BDAA00C0D18B /* Site.m */ = {isa = PBXFileReference; lastKnownFileType = sourcecode.c.objc; name = Site.m; path = Foundation/Site.m; sourceTree = "<group>"; };
		5C8555621997BE6500C0D18B /* Page.h */ = {isa = PBXFileReference; lastKnownFileType = sourcecode.c.h; name = Page.h; path = Foundation/Page.h; sourceTree = "<group>"; };
		5C8555631997BE6500C0D18B /* Page.m */ = {isa = PBXFileReference; lastKnownFileType = sourcecode.c.objc; name = Page.m; path = Foundation/Page.m; sourceTree = "<group>"; };
		5C8555641997BF1D00C0D18B /* Manager.h */ = {isa = PBXFileReference; lastKnownFileType = sourcecode.c.h; name = Manager.h; path = Foundation/Manager.h; sourceTree = "<group>"; };
		5C8555651997BF1D00C0D18B /* Manager.m */ = {isa = PBXFileReference; lastKnownFileType = sourcecode.c.objc; name = Manager.m; path = Foundation/Manager.m; sourceTree = "<group>"; };
		5C8555661997BFAB00C0D18B /* HTML.h */ = {isa = PBXFileReference; lastKnownFileType = sourcecode.c.h; name = HTML.h; path = Foundation/HTML.h; sourceTree = "<group>"; };
		5C8555671997BFAB00C0D18B /* HTML.m */ = {isa = PBXFileReference; lastKnownFileType = sourcecode.c.objc; name = HTML.m; path = Foundation/HTML.m; sourceTree = "<group>"; };
		5C8555831997E53300C0D18B /* Images.xcassets */ = {isa = PBXFileReference; lastKnownFileType = folder.assetcatalog; name = Images.xcassets; path = GUI/Images.xcassets; sourceTree = SOURCE_ROOT; };
		5C966C7419AA5E530008A4CF /* puptent */ = {isa = PBXFileReference; explicitFileType = "compiled.mach-o.executable"; includeInIndex = 0; path = puptent; sourceTree = BUILT_PRODUCTS_DIR; };
		5C966C8519AA71410008A4CF /* main.swift */ = {isa = PBXFileReference; fileEncoding = 4; lastKnownFileType = sourcecode.swift; name = main.swift; path = CLI/main.swift; sourceTree = SOURCE_ROOT; };
		5C966C8819AA72EA0008A4CF /* Foundation.h */ = {isa = PBXFileReference; fileEncoding = 4; lastKnownFileType = sourcecode.c.h; name = Foundation.h; path = Foundation/Foundation.h; sourceTree = "<group>"; };
		5C96868719A25ECD00C9F9CF /* NSString+HTML.h */ = {isa = PBXFileReference; fileEncoding = 4; lastKnownFileType = sourcecode.c.h; name = "NSString+HTML.h"; path = "Foundation/NSString+HTML.h"; sourceTree = "<group>"; };
		5C96868819A25ECD00C9F9CF /* NSString+HTML.m */ = {isa = PBXFileReference; fileEncoding = 4; lastKnownFileType = sourcecode.c.objc; name = "NSString+HTML.m"; path = "Foundation/NSString+HTML.m"; sourceTree = "<group>"; };
		5C9E9BDB1997AC87005332DA /* Base */ = {isa = PBXFileReference; lastKnownFileType = file.xib; name = Base; path = GUI/Base.lproj/MainMenu.xib; sourceTree = SOURCE_ROOT; };
		5CDD11A61997A6F70090D2F2 /* AppDelegate.h */ = {isa = PBXFileReference; fileEncoding = 4; lastKnownFileType = sourcecode.c.h; name = AppDelegate.h; path = GUI/AppDelegate.h; sourceTree = SOURCE_ROOT; };
		5CDD11A71997A6F70090D2F2 /* AppDelegate.m */ = {isa = PBXFileReference; fileEncoding = 4; lastKnownFileType = sourcecode.c.objc; name = AppDelegate.m; path = GUI/AppDelegate.m; sourceTree = SOURCE_ROOT; };
		5CF2BA841997A33600DF1A3E /* Pup Tent.app */ = {isa = PBXFileReference; explicitFileType = wrapper.application; includeInIndex = 0; path = "Pup Tent.app"; sourceTree = BUILT_PRODUCTS_DIR; };
		5CF2BAA91997A56100DF1A3E /* main.m */ = {isa = PBXFileReference; fileEncoding = 4; lastKnownFileType = sourcecode.c.objc; name = main.m; path = GUI/main.m; sourceTree = SOURCE_ROOT; };
		5CF2BAAB1997A56A00DF1A3E /* Info.plist */ = {isa = PBXFileReference; fileEncoding = 4; lastKnownFileType = text.plist.xml; name = Info.plist; path = GUI/Info.plist; sourceTree = SOURCE_ROOT; };
/* End PBXFileReference section */

/* Begin PBXFrameworksBuildPhase section */
		5C6865921997B16E00F81421 /* Frameworks */ = {
			isa = PBXFrameworksBuildPhase;
			buildActionMask = 2147483647;
			files = (
			);
			runOnlyForDeploymentPostprocessing = 0;
		};
		5C966C7119AA5E530008A4CF /* Frameworks */ = {
			isa = PBXFrameworksBuildPhase;
			buildActionMask = 2147483647;
			files = (
			);
			runOnlyForDeploymentPostprocessing = 0;
		};
		5CF2BA811997A33500DF1A3E /* Frameworks */ = {
			isa = PBXFrameworksBuildPhase;
			buildActionMask = 2147483647;
			files = (
			);
			runOnlyForDeploymentPostprocessing = 0;
		};
/* End PBXFrameworksBuildPhase section */

/* Begin PBXGroup section */
		5C6865961997B16E00F81421 /* CLI */ = {
			isa = PBXGroup;
			children = (
				5C966C8519AA71410008A4CF /* main.swift */,
				5C68659C1997B4F100F81421 /* main.m */,
			);
			name = CLI;
			path = puptent;
			sourceTree = "<group>";
		};
		5CF2BA7B1997A33500DF1A3E = {
			isa = PBXGroup;
			children = (
				5CF2BAA71997A35F00DF1A3E /* Foundation */,
				5CF2BA861997A33600DF1A3E /* GUI */,
				5C6865961997B16E00F81421 /* CLI */,
				5CF2BA851997A33600DF1A3E /* Products */,
				5C68659E1997B55B00F81421 /* README.md */,
			);
			sourceTree = "<group>";
		};
		5CF2BA851997A33600DF1A3E /* Products */ = {
			isa = PBXGroup;
			children = (
				5CF2BA841997A33600DF1A3E /* Pup Tent.app */,
				5C6865951997B16E00F81421 /* puptent */,
				5C966C7419AA5E530008A4CF /* puptent */,
			);
			name = Products;
			sourceTree = "<group>";
		};
		5CF2BA861997A33600DF1A3E /* GUI */ = {
			isa = PBXGroup;
			children = (
				5CDD11A61997A6F70090D2F2 /* AppDelegate.h */,
				5CDD11A71997A6F70090D2F2 /* AppDelegate.m */,
				5C9E9BDA1997AC87005332DA /* MainMenu.xib */,
				5C8555831997E53300C0D18B /* Images.xcassets */,
				5CF2BA871997A33600DF1A3E /* Supporting Files */,
			);
			name = GUI;
			path = PupTent;
			sourceTree = "<group>";
		};
		5CF2BA871997A33600DF1A3E /* Supporting Files */ = {
			isa = PBXGroup;
			children = (
				5CF2BAAB1997A56A00DF1A3E /* Info.plist */,
				5CF2BAA91997A56100DF1A3E /* main.m */,
			);
			name = "Supporting Files";
			sourceTree = "<group>";
		};
		5CF2BAA71997A35F00DF1A3E /* Foundation */ = {
			isa = PBXGroup;
			children = (
				5C966C8819AA72EA0008A4CF /* Foundation.h */,
				5C8555641997BF1D00C0D18B /* Manager.h */,
				5C8555651997BF1D00C0D18B /* Manager.m */,
				5C8555661997BFAB00C0D18B /* HTML.h */,
				5C8555671997BFAB00C0D18B /* HTML.m */,
				5C85555D1997BD3500C0D18B /* Archiving.h */,
				5C85555E1997BDAA00C0D18B /* Site.h */,
				5C85555F1997BDAA00C0D18B /* Site.m */,
				5C8555621997BE6500C0D18B /* Page.h */,
				5C8555631997BE6500C0D18B /* Page.m */,
				5C96868719A25ECD00C9F9CF /* NSString+HTML.h */,
				5C96868819A25ECD00C9F9CF /* NSString+HTML.m */,
			);
			name = Foundation;
			sourceTree = "<group>";
		};
/* End PBXGroup section */

/* Begin PBXNativeTarget section */
		5C6865941997B16E00F81421 /* CLI */ = {
			isa = PBXNativeTarget;
			buildConfigurationList = 5C6865991997B16E00F81421 /* Build configuration list for PBXNativeTarget "CLI" */;
			buildPhases = (
				5C6865911997B16E00F81421 /* Sources */,
				5C6865921997B16E00F81421 /* Frameworks */,
				5C6865931997B16E00F81421 /* CopyFiles */,
			);
			buildRules = (
			);
			dependencies = (
			);
			name = CLI;
			productName = puptent;
			productReference = 5C6865951997B16E00F81421 /* puptent */;
			productType = "com.apple.product-type.tool";
		};
		5C966C7319AA5E530008A4CF /* CLI (Swift) */ = {
			isa = PBXNativeTarget;
			buildConfigurationList = 5C966C7A19AA5E530008A4CF /* Build configuration list for PBXNativeTarget "CLI (Swift)" */;
			buildPhases = (
				5C966C7019AA5E530008A4CF /* Sources */,
				5C966C7119AA5E530008A4CF /* Frameworks */,
				5C966C7219AA5E530008A4CF /* CopyFiles */,
			);
			buildRules = (
			);
			dependencies = (
			);
			name = "CLI (Swift)";
			productName = puptent;
			productReference = 5C966C7419AA5E530008A4CF /* puptent */;
			productType = "com.apple.product-type.tool";
		};
		5CF2BA831997A33500DF1A3E /* GUI */ = {
			isa = PBXNativeTarget;
			buildConfigurationList = 5CF2BAA11997A33600DF1A3E /* Build configuration list for PBXNativeTarget "GUI" */;
			buildPhases = (
				5CF2BA801997A33500DF1A3E /* Sources */,
				5CF2BA811997A33500DF1A3E /* Frameworks */,
				5CF2BA821997A33500DF1A3E /* Resources */,
			);
			buildRules = (
			);
			dependencies = (
			);
			name = GUI;
			productName = PupTent;
			productReference = 5CF2BA841997A33600DF1A3E /* Pup Tent.app */;
			productType = "com.apple.product-type.application";
		};
/* End PBXNativeTarget section */

/* Begin PBXProject section */
		5CF2BA7C1997A33500DF1A3E /* Project object */ = {
			isa = PBXProject;
			attributes = {
				LastUpgradeCheck = 0600;
				ORGANIZATIONNAME = "@toddheasley";
				TargetAttributes = {
					5C6865941997B16E00F81421 = {
						CreatedOnToolsVersion = 6.0;
					};
					5C966C7319AA5E530008A4CF = {
						CreatedOnToolsVersion = 6.0;
					};
					5CF2BA831997A33500DF1A3E = {
						CreatedOnToolsVersion = 6.0;
					};
				};
			};
			buildConfigurationList = 5CF2BA7F1997A33500DF1A3E /* Build configuration list for PBXProject "PupTent" */;
			compatibilityVersion = "Xcode 3.2";
			developmentRegion = English;
			hasScannedForEncodings = 0;
			knownRegions = (
				en,
				Base,
			);
			mainGroup = 5CF2BA7B1997A33500DF1A3E;
			productRefGroup = 5CF2BA851997A33600DF1A3E /* Products */;
			projectDirPath = "";
			projectRoot = "";
			targets = (
				5CF2BA831997A33500DF1A3E /* GUI */,
				5C6865941997B16E00F81421 /* CLI */,
				5C966C7319AA5E530008A4CF /* CLI (Swift) */,
			);
		};
/* End PBXProject section */

/* Begin PBXResourcesBuildPhase section */
		5CF2BA821997A33500DF1A3E /* Resources */ = {
			isa = PBXResourcesBuildPhase;
			buildActionMask = 2147483647;
			files = (
				5C9E9BDD1997AC92005332DA /* MainMenu.xib in Resources */,
				5C8555841997E53300C0D18B /* Images.xcassets in Resources */,
			);
			runOnlyForDeploymentPostprocessing = 0;
		};
/* End PBXResourcesBuildPhase section */

/* Begin PBXSourcesBuildPhase section */
		5C6865911997B16E00F81421 /* Sources */ = {
			isa = PBXSourcesBuildPhase;
			buildActionMask = 2147483647;
			files = (
				5C68659D1997B4F100F81421 /* main.m in Sources */,
				5C85556B1997C21100C0D18B /* Manager.m in Sources */,
				5C85556E1997C63C00C0D18B /* HTML.m in Sources */,
				5C8555751997C65300C0D18B /* Site.m in Sources */,
				5C8555771997C65600C0D18B /* Page.m in Sources */,
				5C96868A19A25ECD00C9F9CF /* NSString+HTML.m in Sources */,
			);
			runOnlyForDeploymentPostprocessing = 0;
		};
		5C966C7019AA5E530008A4CF /* Sources */ = {
			isa = PBXSourcesBuildPhase;
			buildActionMask = 2147483647;
			files = (
				5C966C8619AA71410008A4CF /* main.swift in Sources */,
				5C966C7B19AA5FEF0008A4CF /* Manager.m in Sources */,
				5C966C7C19AA5FF30008A4CF /* HTML.m in Sources */,
				5C966C7D19AA5FF80008A4CF /* Site.m in Sources */,
				5C966C7E19AA5FFC0008A4CF /* Page.m in Sources */,
				5C966C7F19AA60000008A4CF /* NSString+HTML.m in Sources */,
			);
			runOnlyForDeploymentPostprocessing = 0;
		};
		5CF2BA801997A33500DF1A3E /* Sources */ = {
			isa = PBXSourcesBuildPhase;
			buildActionMask = 2147483647;
			files = (
				5CF2BAAA1997A56100DF1A3E /* main.m in Sources */,
				5CDD11A81997A6F70090D2F2 /* AppDelegate.m in Sources */,
				5C85556A1997C21000C0D18B /* Manager.m in Sources */,
				5C85556D1997C63B00C0D18B /* HTML.m in Sources */,
				5C8555741997C65200C0D18B /* Site.m in Sources */,
				5C85556C1997C62600C0D18B /* Page.m in Sources */,
				5C96868919A25ECD00C9F9CF /* NSString+HTML.m in Sources */,
			);
			runOnlyForDeploymentPostprocessing = 0;
		};
/* End PBXSourcesBuildPhase section */

/* Begin PBXVariantGroup section */
		5C9E9BDA1997AC87005332DA /* MainMenu.xib */ = {
			isa = PBXVariantGroup;
			children = (
				5C9E9BDB1997AC87005332DA /* Base */,
			);
			name = MainMenu.xib;
			sourceTree = "<group>";
		};
/* End PBXVariantGroup section */

/* Begin XCBuildConfiguration section */
		5C68659A1997B16E00F81421 /* Debug */ = {
			isa = XCBuildConfiguration;
			buildSettings = {
				GCC_PREPROCESSOR_DEFINITIONS = "$(inherited)";
				PRODUCT_NAME = puptent;
			};
			name = Debug;
		};
		5C68659B1997B16E00F81421 /* Release */ = {
			isa = XCBuildConfiguration;
			buildSettings = {
				PRODUCT_NAME = puptent;
			};
			name = Release;
		};
		5C966C7819AA5E530008A4CF /* Debug */ = {
			isa = XCBuildConfiguration;
			buildSettings = {
				CLANG_ENABLE_MODULES = YES;
				GCC_PREPROCESSOR_DEFINITIONS = "$(inherited)";
				LD_RUNPATH_SEARCH_PATHS = "$(inherited) @executable_path/../Frameworks @loader_path/../Frameworks";
				PRODUCT_NAME = puptent;
				SWIFT_OBJC_BRIDGING_HEADER = Foundation/Foundation.h;
				SWIFT_OPTIMIZATION_LEVEL = "-Onone";
			};
			name = Debug;
		};
		5C966C7919AA5E530008A4CF /* Release */ = {
			isa = XCBuildConfiguration;
			buildSettings = {
				CLANG_ENABLE_MODULES = YES;
				LD_RUNPATH_SEARCH_PATHS = "$(inherited) @executable_path/../Frameworks @loader_path/../Frameworks";
				PRODUCT_NAME = puptent;
				SWIFT_OBJC_BRIDGING_HEADER = Foundation/Foundation.h;
			};
			name = Release;
		};
		5CF2BA9F1997A33600DF1A3E /* Debug */ = {
			isa = XCBuildConfiguration;
			buildSettings = {
				ALWAYS_SEARCH_USER_PATHS = NO;
				CLANG_CXX_LANGUAGE_STANDARD = "gnu++0x";
				CLANG_CXX_LIBRARY = "libc++";
				CLANG_ENABLE_MODULES = YES;
				CLANG_ENABLE_OBJC_ARC = YES;
				CLANG_WARN_BOOL_CONVERSION = YES;
				CLANG_WARN_CONSTANT_CONVERSION = YES;
				CLANG_WARN_DIRECT_OBJC_ISA_USAGE = YES_ERROR;
				CLANG_WARN_EMPTY_BODY = YES;
				CLANG_WARN_ENUM_CONVERSION = YES;
				CLANG_WARN_INT_CONVERSION = YES;
				CLANG_WARN_OBJC_ROOT_CLASS = YES_ERROR;
				CLANG_WARN_UNREACHABLE_CODE = YES;
				CLANG_WARN__DUPLICATE_METHOD_MATCH = YES;
				CODE_SIGN_IDENTITY = "-";
				COPY_PHASE_STRIP = NO;
				ENABLE_STRICT_OBJC_MSGSEND = YES;
				GCC_C_LANGUAGE_STANDARD = gnu99;
				GCC_DYNAMIC_NO_PIC = NO;
				GCC_OPTIMIZATION_LEVEL = 0;
				GCC_PREPROCESSOR_DEFINITIONS = (
					"DEBUG=1",
					"$(inherited)",
				);
				GCC_SYMBOLS_PRIVATE_EXTERN = NO;
				GCC_WARN_64_TO_32_BIT_CONVERSION = YES;
				GCC_WARN_ABOUT_RETURN_TYPE = YES_ERROR;
				GCC_WARN_UNDECLARED_SELECTOR = YES;
				GCC_WARN_UNINITIALIZED_AUTOS = YES_AGGRESSIVE;
				GCC_WARN_UNUSED_FUNCTION = YES;
				GCC_WARN_UNUSED_VARIABLE = YES;
				MACOSX_DEPLOYMENT_TARGET = 10.10;
				MTL_ENABLE_DEBUG_INFO = YES;
				ONLY_ACTIVE_ARCH = YES;
				SDKROOT = macosx;
			};
			name = Debug;
		};
		5CF2BAA01997A33600DF1A3E /* Release */ = {
			isa = XCBuildConfiguration;
			buildSettings = {
				ALWAYS_SEARCH_USER_PATHS = NO;
				CLANG_CXX_LANGUAGE_STANDARD = "gnu++0x";
				CLANG_CXX_LIBRARY = "libc++";
				CLANG_ENABLE_MODULES = YES;
				CLANG_ENABLE_OBJC_ARC = YES;
				CLANG_WARN_BOOL_CONVERSION = YES;
				CLANG_WARN_CONSTANT_CONVERSION = YES;
				CLANG_WARN_DIRECT_OBJC_ISA_USAGE = YES_ERROR;
				CLANG_WARN_EMPTY_BODY = YES;
				CLANG_WARN_ENUM_CONVERSION = YES;
				CLANG_WARN_INT_CONVERSION = YES;
				CLANG_WARN_OBJC_ROOT_CLASS = YES_ERROR;
				CLANG_WARN_UNREACHABLE_CODE = YES;
				CLANG_WARN__DUPLICATE_METHOD_MATCH = YES;
				CODE_SIGN_IDENTITY = "-";
				COPY_PHASE_STRIP = YES;
				DEBUG_INFORMATION_FORMAT = "dwarf-with-dsym";
				ENABLE_NS_ASSERTIONS = NO;
				ENABLE_STRICT_OBJC_MSGSEND = YES;
				GCC_C_LANGUAGE_STANDARD = gnu99;
				GCC_WARN_64_TO_32_BIT_CONVERSION = YES;
				GCC_WARN_ABOUT_RETURN_TYPE = YES_ERROR;
				GCC_WARN_UNDECLARED_SELECTOR = YES;
				GCC_WARN_UNINITIALIZED_AUTOS = YES_AGGRESSIVE;
				GCC_WARN_UNUSED_FUNCTION = YES;
				GCC_WARN_UNUSED_VARIABLE = YES;
				MACOSX_DEPLOYMENT_TARGET = 10.10;
				MTL_ENABLE_DEBUG_INFO = NO;
				SDKROOT = macosx;
			};
			name = Release;
		};
		5CF2BAA21997A33600DF1A3E /* Debug */ = {
			isa = XCBuildConfiguration;
			buildSettings = {
				ASSETCATALOG_COMPILER_APPICON_NAME = AppIcon;
				COMBINE_HIDPI_IMAGES = YES;
				INFOPLIST_FILE = GUI/Info.plist;
				LD_RUNPATH_SEARCH_PATHS = "$(inherited) @executable_path/../Frameworks";
				PRODUCT_NAME = "Pup Tent";
			};
			name = Debug;
		};
		5CF2BAA31997A33600DF1A3E /* Release */ = {
			isa = XCBuildConfiguration;
			buildSettings = {
				ASSETCATALOG_COMPILER_APPICON_NAME = AppIcon;
				COMBINE_HIDPI_IMAGES = YES;
				INFOPLIST_FILE = GUI/Info.plist;
				LD_RUNPATH_SEARCH_PATHS = "$(inherited) @executable_path/../Frameworks";
				PRODUCT_NAME = "Pup Tent";
			};
			name = Release;
		};
/* End XCBuildConfiguration section */

/* Begin XCConfigurationList section */
		5C6865991997B16E00F81421 /* Build configuration list for PBXNativeTarget "CLI" */ = {
			isa = XCConfigurationList;
			buildConfigurations = (
				5C68659A1997B16E00F81421 /* Debug */,
				5C68659B1997B16E00F81421 /* Release */,
			);
			defaultConfigurationIsVisible = 0;
			defaultConfigurationName = Release;
		};
		5C966C7A19AA5E530008A4CF /* Build configuration list for PBXNativeTarget "CLI (Swift)" */ = {
			isa = XCConfigurationList;
			buildConfigurations = (
				5C966C7819AA5E530008A4CF /* Debug */,
				5C966C7919AA5E530008A4CF /* Release */,
			);
			defaultConfigurationIsVisible = 0;
		};
		5CF2BA7F1997A33500DF1A3E /* Build configuration list for PBXProject "PupTent" */ = {
			isa = XCConfigurationList;
			buildConfigurations = (
				5CF2BA9F1997A33600DF1A3E /* Debug */,
				5CF2BAA01997A33600DF1A3E /* Release */,
			);
			defaultConfigurationIsVisible = 0;
			defaultConfigurationName = Release;
		};
		5CF2BAA11997A33600DF1A3E /* Build configuration list for PBXNativeTarget "GUI" */ = {
			isa = XCConfigurationList;
			buildConfigurations = (
				5CF2BAA21997A33600DF1A3E /* Debug */,
				5CF2BAA31997A33600DF1A3E /* Release */,
			);
			defaultConfigurationIsVisible = 0;
			defaultConfigurationName = Release;
		};
/* End XCConfigurationList section */
	};
	rootObject = 5CF2BA7C1997A33500DF1A3E /* Project object */;
}
